
Microsoft Visual Studio Solution File, Format Version 12.00
# Visual Studio 14
VisualStudioVersion = 14.0.25420.1
MinimumVisualStudioVersion = 10.0.40219.1
Project("{8BC9CEB8-8B4A-11D0-8D11-00A0C91BC942}") = "1", "1\1.vcxproj", "{6BD745D2-CBA4-4052-9F64-EB3B8FF5EF0B}"
EndProject
Project("{8BC9CEB8-8B4A-11D0-8D11-00A0C91BC942}") = "2", "2\2.vcxproj", "{4D69219E-A068-4D6E-A8A9-9860E69F0935}"
EndProject
Project("{8BC9CEB8-8B4A-11D0-8D11-00A0C91BC942}") = "3", "3\3.vcxproj", "{AA689CAE-EFB1-4DE0-8391-31F8BD61F34C}"
EndProject
Project("{8BC9CEB8-8B4A-11D0-8D11-00A0C91BC942}") = "4", "4\4.vcxproj", "{438A2027-2422-45A7-BD71-0F9C2E663246}"
EndProject
Project("{8BC9CEB8-8B4A-11D0-8D11-00A0C91BC942}") = "5", "5\5.vcxproj", "{22ECD8D3-E835-4731-9B4B-B0C56263B70B}"
EndProject
Project("{8BC9CEB8-8B4A-11D0-8D11-00A0C91BC942}") = "6", "6\6.vcxproj", "{5B0BFBC3-3BAE-4F5E-B854-10CF34AC6043}"
EndProject
Project("{8BC9CEB8-8B4A-11D0-8D11-00A0C91BC942}") = "7", "7\7.vcxproj", "{79C9981A-C6A9-4AEB-B257-705B09316A15}"
EndProject
Project("{8BC9CEB8-8B4A-11D0-8D11-00A0C91BC942}") = "8", "8\8.vcxproj", "{5DBD9D95-5EAC-4275-B4CA-5E8235F9CDC2}"
EndProject
Project("{8BC9CEB8-8B4A-11D0-8D11-00A0C91BC942}") = "test", "test\test.vcxproj", "{7C2D9D18-0EBB-4891-B15D-09F3281AC3E8}"
EndProject
Global
	GlobalSection(SolutionConfigurationPlatforms) = preSolution
		Debug|x64 = Debug|x64
		Debug|x86 = Debug|x86
		Release|x64 = Release|x64
		Release|x86 = Release|x86
	EndGlobalSection
	GlobalSection(ProjectConfigurationPlatforms) = postSolution
		{6BD745D2-CBA4-4052-9F64-EB3B8FF5EF0B}.Debug|x64.ActiveCfg = Debug|x64
		{6BD745D2-CBA4-4052-9F64-EB3B8FF5EF0B}.Debug|x64.Build.0 = Debug|x64
		{6BD745D2-CBA4-4052-9F64-EB3B8FF5EF0B}.Debug|x86.ActiveCfg = Debug|Win32
		{6BD745D2-CBA4-4052-9F64-EB3B8FF5EF0B}.Debug|x86.Build.0 = Debug|Win32
		{6BD745D2-CBA4-4052-9F64-EB3B8FF5EF0B}.Release|x64.ActiveCfg = Release|x64
		{6BD745D2-CBA4-4052-9F64-EB3B8FF5EF0B}.Release|x64.Build.0 = Release|x64
		{6BD745D2-CBA4-4052-9F64-EB3B8FF5EF0B}.Release|x86.ActiveCfg = Release|Win32
		{6BD745D2-CBA4-4052-9F64-EB3B8FF5EF0B}.Release|x86.Build.0 = Release|Win32
		{4D69219E-A068-4D6E-A8A9-9860E69F0935}.Debug|x64.ActiveCfg = Debug|x64
		{4D69219E-A068-4D6E-A8A9-9860E69F0935}.Debug|x64.Build.0 = Debug|x64
		{4D69219E-A068-4D6E-A8A9-9860E69F0935}.Debug|x86.ActiveCfg = Debug|Win32
		{4D69219E-A068-4D6E-A8A9-9860E69F0935}.Debug|x86.Build.0 = Debug|Win32
		{4D69219E-A068-4D6E-A8A9-9860E69F0935}.Release|x64.ActiveCfg = Release|x64
		{4D69219E-A068-4D6E-A8A9-9860E69F0935}.Release|x64.Build.0 = Release|x64
		{4D69219E-A068-4D6E-A8A9-9860E69F0935}.Release|x86.ActiveCfg = Release|Win32
		{4D69219E-A068-4D6E-A8A9-9860E69F0935}.Release|x86.Build.0 = Release|Win32
		{AA689CAE-EFB1-4DE0-8391-31F8BD61F34C}.Debug|x64.ActiveCfg = Debug|x64
		{AA689CAE-EFB1-4DE0-8391-31F8BD61F34C}.Debug|x64.Build.0 = Debug|x64
		{AA689CAE-EFB1-4DE0-8391-31F8BD61F34C}.Debug|x86.ActiveCfg = Debug|Win32
		{AA689CAE-EFB1-4DE0-8391-31F8BD61F34C}.Debug|x86.Build.0 = Debug|Win32
		{AA689CAE-EFB1-4DE0-8391-31F8BD61F34C}.Release|x64.ActiveCfg = Release|x64
		{AA689CAE-EFB1-4DE0-8391-31F8BD61F34C}.Release|x64.Build.0 = Release|x64
		{AA689CAE-EFB1-4DE0-8391-31F8BD61F34C}.Release|x86.ActiveCfg = Release|Win32
		{AA689CAE-EFB1-4DE0-8391-31F8BD61F34C}.Release|x86.Build.0 = Release|Win32
		{438A2027-2422-45A7-BD71-0F9C2E663246}.Debug|x64.ActiveCfg = Debug|x64
		{438A2027-2422-45A7-BD71-0F9C2E663246}.Debug|x64.Build.0 = Debug|x64
		{438A2027-2422-45A7-BD71-0F9C2E663246}.Debug|x86.ActiveCfg = Debug|Win32
		{438A2027-2422-45A7-BD71-0F9C2E663246}.Debug|x86.Build.0 = Debug|Win32
		{438A2027-2422-45A7-BD71-0F9C2E663246}.Release|x64.ActiveCfg = Release|x64
		{438A2027-2422-45A7-BD71-0F9C2E663246}.Release|x64.Build.0 = Release|x64
		{438A2027-2422-45A7-BD71-0F9C2E663246}.Release|x86.ActiveCfg = Release|Win32
		{438A2027-2422-45A7-BD71-0F9C2E663246}.Release|x86.Build.0 = Release|Win32
		{22ECD8D3-E835-4731-9B4B-B0C56263B70B}.Debug|x64.ActiveCfg = Debug|x64
		{22ECD8D3-E835-4731-9B4B-B0C56263B70B}.Debug|x64.Build.0 = Debug|x64
		{22ECD8D3-E835-4731-9B4B-B0C56263B70B}.Debug|x86.ActiveCfg = Debug|Win32
		{22ECD8D3-E835-4731-9B4B-B0C56263B70B}.Debug|x86.Build.0 = Debug|Win32
		{22ECD8D3-E835-4731-9B4B-B0C56263B70B}.Release|x64.ActiveCfg = Release|x64
		{22ECD8D3-E835-4731-9B4B-B0C56263B70B}.Release|x64.Build.0 = Release|x64
		{22ECD8D3-E835-4731-9B4B-B0C56263B70B}.Release|x86.ActiveCfg = Release|Win32
		{22ECD8D3-E835-4731-9B4B-B0C56263B70B}.Release|x86.Build.0 = Release|Win32
		{5B0BFBC3-3BAE-4F5E-B854-10CF34AC6043}.Debug|x64.ActiveCfg = Debug|x64
		{5B0BFBC3-3BAE-4F5E-B854-10CF34AC6043}.Debug|x64.Build.0 = Debug|x64
		{5B0BFBC3-3BAE-4F5E-B854-10CF34AC6043}.Debug|x86.ActiveCfg = Debug|Win32
		{5B0BFBC3-3BAE-4F5E-B854-10CF34AC6043}.Debug|x86.Build.0 = Debug|Win32
		{5B0BFBC3-3BAE-4F5E-B854-10CF34AC6043}.Release|x64.ActiveCfg = Release|x64
		{5B0BFBC3-3BAE-4F5E-B854-10CF34AC6043}.Release|x64.Build.0 = Release|x64
		{5B0BFBC3-3BAE-4F5E-B854-10CF34AC6043}.Release|x86.ActiveCfg = Release|Win32
		{5B0BFBC3-3BAE-4F5E-B854-10CF34AC6043}.Release|x86.Build.0 = Release|Win32
		{79C9981A-C6A9-4AEB-B257-705B09316A15}.Debug|x64.ActiveCfg = Debug|x64
		{79C9981A-C6A9-4AEB-B257-705B09316A15}.Debug|x64.Build.0 = Debug|x64
		{79C9981A-C6A9-4AEB-B257-705B09316A15}.Debug|x86.ActiveCfg = Debug|Win32
		{79C9981A-C6A9-4AEB-B257-705B09316A15}.Debug|x86.Build.0 = Debug|Win32
		{79C9981A-C6A9-4AEB-B257-705B09316A15}.Release|x64.ActiveCfg = Release|x64
		{79C9981A-C6A9-4AEB-B257-705B09316A15}.Release|x64.Build.0 = Release|x64
		{79C9981A-C6A9-4AEB-B257-705B09316A15}.Release|x86.ActiveCfg = Release|Win32
		{79C9981A-C6A9-4AEB-B257-705B09316A15}.Release|x86.Build.0 = Release|Win32
		{5DBD9D95-5EAC-4275-B4CA-5E8235F9CDC2}.Debug|x64.ActiveCfg = Debug|x64
		{5DBD9D95-5EAC-4275-B4CA-5E8235F9CDC2}.Debug|x64.Build.0 = Debug|x64
		{5DBD9D95-5EAC-4275-B4CA-5E8235F9CDC2}.Debug|x86.ActiveCfg = Debug|Win32
		{5DBD9D95-5EAC-4275-B4CA-5E8235F9CDC2}.Debug|x86.Build.0 = Debug|Win32
		{5DBD9D95-5EAC-4275-B4CA-5E8235F9CDC2}.Release|x64.ActiveCfg = Release|x64
		{5DBD9D95-5EAC-4275-B4CA-5E8235F9CDC2}.Release|x64.Build.0 = Release|x64
		{5DBD9D95-5EAC-4275-B4CA-5E8235F9CDC2}.Release|x86.ActiveCfg = Release|Win32
		{5DBD9D95-5EAC-4275-B4CA-5E8235F9CDC2}.Release|x86.Build.0 = Release|Win32
		{7C2D9D18-0EBB-4891-B15D-09F3281AC3E8}.Debug|x64.ActiveCfg = Debug|x64
		{7C2D9D18-0EBB-4891-B15D-09F3281AC3E8}.Debug|x64.Build.0 = Debug|x64
		{7C2D9D18-0EBB-4891-B15D-09F3281AC3E8}.Debug|x86.ActiveCfg = Debug|Win32
		{7C2D9D18-0EBB-4891-B15D-09F3281AC3E8}.Debug|x86.Build.0 = Debug|Win32
		{7C2D9D18-0EBB-4891-B15D-09F3281AC3E8}.Release|x64.ActiveCfg = Release|x64
		{7C2D9D18-0EBB-4891-B15D-09F3281AC3E8}.Release|x64.Build.0 = Release|x64
		{7C2D9D18-0EBB-4891-B15D-09F3281AC3E8}.Release|x86.ActiveCfg = Release|Win32
		{7C2D9D18-0EBB-4891-B15D-09F3281AC3E8}.Release|x86.Build.0 = Release|Win32
	EndGlobalSection
	GlobalSection(SolutionProperties) = preSolution
		HideSolutionNode = FALSE
	EndGlobalSection
EndGlobal
